
Microsoft Visual Studio Solution File, Format Version 12.00
# Visual Studio Version 17
VisualStudioVersion = 17.5.33424.131
MinimumVisualStudioVersion = 10.0.40219.1
Project("{FAE04EC0-301F-11D3-BF4B-00C04F79EFBC}") = "LinqGUIApp", "LinqGUIApp\LinqGUIApp.csproj", "{D5EF8BC6-3B35-488B-9DF9-50306366AA8A}"
EndProject
Global
	GlobalSection(SolutionConfigurationPlatforms) = preSolution
		Debug|Any CPU = Debug|Any CPU
		Release|Any CPU = Release|Any CPU
	EndGlobalSection
	GlobalSection(ProjectConfigurationPlatforms) = postSolution
		{D5EF8BC6-3B35-488B-9DF9-50306366AA8A}.Debug|Any CPU.ActiveCfg = Debug|Any CPU
		{D5EF8BC6-3B35-488B-9DF9-50306366AA8A}.Debug|Any CPU.Build.0 = Debug|Any CPU
		{D5EF8BC6-3B35-488B-9DF9-50306366AA8A}.Release|Any CPU.ActiveCfg = Release|Any CPU
		{D5EF8BC6-3B35-488B-9DF9-50306366AA8A}.Release|Any CPU.Build.0 = Release|Any CPU
	EndGlobalSection
	GlobalSection(SolutionProperties) = preSolution
		HideSolutionNode = FALSE
	EndGlobalSection
	GlobalSection(ExtensibilityGlobals) = postSolution
		SolutionGuid = {1D60B1F1-C79C-4BBD-B244-A57B43AF5103}
	EndGlobalSection
EndGlobal
